{
  "name": "portfolio",
  "lockfileVersion": 2,
  "requires": true,
  "packages": {
    "": {
      "dependencies": {
        "focus-within-polyfill": "^5.2.1"
      }
    },
    "node_modules/focus-within-polyfill": {
      "version": "5.2.1",
      "resolved": "https://registry.npmjs.org/focus-within-polyfill/-/focus-within-polyfill-5.2.1.tgz",
      "integrity": "sha512-24dSGm2euJ0V+blff5Yj0IXtemjjGIoT6/OjmvICZ80NIgnyXDpthfxdkJAJWCDs0BaUvdB+2RParJ9b7X4EuQ==",
      "engines": {
        "node": ">=8"
      },
      "funding": {
        "type": "individual",
        "url": "https://ko-fi.com/matteobad"
      }
    }
  },
  "dependencies": {
    "focus-within-polyfill": {
      "version": "5.2.1",
      "resolved": "https://registry.npmjs.org/focus-within-polyfill/-/focus-within-polyfill-5.2.1.tgz",
      "integrity": "sha512-24dSGm2euJ0V+blff5Yj0IXtemjjGIoT6/OjmvICZ80NIgnyXDpthfxdkJAJWCDs0BaUvdB+2RParJ9b7X4EuQ=="
    }
  }
}
